
Microsoft Visual Studio Solution File, Format Version 12.00
# Visual Studio Version 17
VisualStudioVersion = 17.13.35825.156 d17.13
MinimumVisualStudioVersion = 10.0.40219.1
Project("{FAE04EC0-301F-11D3-BF4B-00C04F79EFBC}") = "ServiceDefaults", "ServiceDefaults\ServiceDefaults.csproj", "{A9509557-94BF-4D7D-929A-06B09BD49F69}"
EndProject
Project("{FAE04EC0-301F-11D3-BF4B-00C04F79EFBC}") = "AppHost", "AppHost\AppHost.csproj", "{1D41670A-53AE-46A4-9282-EC824DC99B60}"
EndProject
Project("{FAE04EC0-301F-11D3-BF4B-00C04F79EFBC}") = "Application", "Application\Application.csproj", "{C9B5F72B-E0B0-4F49-9B16-49967CA22419}"
EndProject
Project("{FAE04EC0-301F-11D3-BF4B-00C04F79EFBC}") = "Infrastructure", "Infrastructure\Infrastructure.csproj", "{80CC092D-30AF-4858-884A-1105687AF9B2}"
EndProject
Project("{FAE04EC0-301F-11D3-BF4B-00C04F79EFBC}") = "Core", "Core\Core.csproj", "{FD4B5EF8-0984-4769-ABB3-1BB13D661D73}"
EndProject
Project("{2150E333-8FDC-42A3-9474-1A3956D46DE8}") = "src", "src", "{02EA681E-C7D8-13C7-8484-4AC65E1B71E8}"
EndProject
Project("{2150E333-8FDC-42A3-9474-1A3956D46DE8}") = "tests", "tests", "{418F83E4-2D4B-48A8-A5B7-124E61626B91}"
EndProject
Project("{FAE04EC0-301F-11D3-BF4B-00C04F79EFBC}") = "ApplicationTests", "ApplicationTests\ApplicationTests.csproj", "{47802E58-4DB6-4A2C-978A-F24F1B41C326}"
EndProject
Global
	GlobalSection(SolutionConfigurationPlatforms) = preSolution
		Debug|Any CPU = Debug|Any CPU
		Release|Any CPU = Release|Any CPU
	EndGlobalSection
	GlobalSection(ProjectConfigurationPlatforms) = postSolution
		{A9509557-94BF-4D7D-929A-06B09BD49F69}.Debug|Any CPU.ActiveCfg = Debug|Any CPU
		{A9509557-94BF-4D7D-929A-06B09BD49F69}.Debug|Any CPU.Build.0 = Debug|Any CPU
		{A9509557-94BF-4D7D-929A-06B09BD49F69}.Release|Any CPU.ActiveCfg = Release|Any CPU
		{A9509557-94BF-4D7D-929A-06B09BD49F69}.Release|Any CPU.Build.0 = Release|Any CPU
		{1D41670A-53AE-46A4-9282-EC824DC99B60}.Debug|Any CPU.ActiveCfg = Debug|Any CPU
		{1D41670A-53AE-46A4-9282-EC824DC99B60}.Debug|Any CPU.Build.0 = Debug|Any CPU
		{1D41670A-53AE-46A4-9282-EC824DC99B60}.Release|Any CPU.ActiveCfg = Release|Any CPU
		{1D41670A-53AE-46A4-9282-EC824DC99B60}.Release|Any CPU.Build.0 = Release|Any CPU
		{C9B5F72B-E0B0-4F49-9B16-49967CA22419}.Debug|Any CPU.ActiveCfg = Debug|Any CPU
		{C9B5F72B-E0B0-4F49-9B16-49967CA22419}.Debug|Any CPU.Build.0 = Debug|Any CPU
		{C9B5F72B-E0B0-4F49-9B16-49967CA22419}.Release|Any CPU.ActiveCfg = Release|Any CPU
		{C9B5F72B-E0B0-4F49-9B16-49967CA22419}.Release|Any CPU.Build.0 = Release|Any CPU
		{80CC092D-30AF-4858-884A-1105687AF9B2}.Debug|Any CPU.ActiveCfg = Debug|Any CPU
		{80CC092D-30AF-4858-884A-1105687AF9B2}.Debug|Any CPU.Build.0 = Debug|Any CPU
		{80CC092D-30AF-4858-884A-1105687AF9B2}.Release|Any CPU.ActiveCfg = Release|Any CPU
		{80CC092D-30AF-4858-884A-1105687AF9B2}.Release|Any CPU.Build.0 = Release|Any CPU
		{FD4B5EF8-0984-4769-ABB3-1BB13D661D73}.Debug|Any CPU.ActiveCfg = Debug|Any CPU
		{FD4B5EF8-0984-4769-ABB3-1BB13D661D73}.Debug|Any CPU.Build.0 = Debug|Any CPU
		{FD4B5EF8-0984-4769-ABB3-1BB13D661D73}.Release|Any CPU.ActiveCfg = Release|Any CPU
		{FD4B5EF8-0984-4769-ABB3-1BB13D661D73}.Release|Any CPU.Build.0 = Release|Any CPU
		{47802E58-4DB6-4A2C-978A-F24F1B41C326}.Debug|Any CPU.ActiveCfg = Debug|Any CPU
		{47802E58-4DB6-4A2C-978A-F24F1B41C326}.Debug|Any CPU.Build.0 = Debug|Any CPU
		{47802E58-4DB6-4A2C-978A-F24F1B41C326}.Release|Any CPU.ActiveCfg = Release|Any CPU
		{47802E58-4DB6-4A2C-978A-F24F1B41C326}.Release|Any CPU.Build.0 = Release|Any CPU
	EndGlobalSection
	GlobalSection(SolutionProperties) = preSolution
		HideSolutionNode = FALSE
	EndGlobalSection
	GlobalSection(NestedProjects) = preSolution
		{A9509557-94BF-4D7D-929A-06B09BD49F69} = {02EA681E-C7D8-13C7-8484-4AC65E1B71E8}
		{1D41670A-53AE-46A4-9282-EC824DC99B60} = {02EA681E-C7D8-13C7-8484-4AC65E1B71E8}
		{C9B5F72B-E0B0-4F49-9B16-49967CA22419} = {02EA681E-C7D8-13C7-8484-4AC65E1B71E8}
		{80CC092D-30AF-4858-884A-1105687AF9B2} = {02EA681E-C7D8-13C7-8484-4AC65E1B71E8}
		{FD4B5EF8-0984-4769-ABB3-1BB13D661D73} = {02EA681E-C7D8-13C7-8484-4AC65E1B71E8}
		{47802E58-4DB6-4A2C-978A-F24F1B41C326} = {418F83E4-2D4B-48A8-A5B7-124E61626B91}
	EndGlobalSection
	GlobalSection(ExtensibilityGlobals) = postSolution
		SolutionGuid = {4063D438-2A46-42FA-8C50-F60D3B6517AD}
	EndGlobalSection
EndGlobal
